
Microsoft Visual Studio Solution File, Format Version 12.00
Project("{FAE04EC0-301F-11D3-BF4B-00C04F79EFBC}") = "Tutorial2", "Tutorial2\Tutorial2.csproj", "{DB4C2B65-774E-43E3-A72C-93A380A78C87}"
EndProject
Global
	GlobalSection(SolutionConfigurationPlatforms) = preSolution
		Debug|Any CPU = Debug|Any CPU
		Release|Any CPU = Release|Any CPU
	EndGlobalSection
	GlobalSection(ProjectConfigurationPlatforms) = postSolution
		{DB4C2B65-774E-43E3-A72C-93A380A78C87}.Debug|Any CPU.ActiveCfg = Debug|Any CPU
		{DB4C2B65-774E-43E3-A72C-93A380A78C87}.Debug|Any CPU.Build.0 = Debug|Any CPU
		{DB4C2B65-774E-43E3-A72C-93A380A78C87}.Release|Any CPU.ActiveCfg = Release|Any CPU
		{DB4C2B65-774E-43E3-A72C-93A380A78C87}.Release|Any CPU.Build.0 = Release|Any CPU
	EndGlobalSection
EndGlobal
